
Microsoft Visual Studio Solution File, Format Version 12.00
# Visual Studio 15
VisualStudioVersion = 15.0.27130.2010
MinimumVisualStudioVersion = 10.0.40219.1
Project("{9A19103F-16F7-4668-BE54-9A1E7A4F7556}") = "MachineLearningAlgorithm", "MachineLearningAlgorithm\MachineLearningAlgorithm.csproj", "{A504CAE1-B14E-4F7A-B777-4594EAE880C1}"
EndProject
Project("{FAE04EC0-301F-11D3-BF4B-00C04F79EFBC}") = "MachineLearningAlgorithm.Test", "MachineLearningAlgorithm.Test\MachineLearningAlgorithm.Test.csproj", "{158121C9-E013-41DB-9452-C6E1136EE46C}"
EndProject
Global
	GlobalSection(SolutionConfigurationPlatforms) = preSolution
		Debug|Any CPU = Debug|Any CPU
		Release|Any CPU = Release|Any CPU
	EndGlobalSection
	GlobalSection(ProjectConfigurationPlatforms) = postSolution
		{A504CAE1-B14E-4F7A-B777-4594EAE880C1}.Debug|Any CPU.ActiveCfg = Debug|Any CPU
		{A504CAE1-B14E-4F7A-B777-4594EAE880C1}.Debug|Any CPU.Build.0 = Debug|Any CPU
		{A504CAE1-B14E-4F7A-B777-4594EAE880C1}.Release|Any CPU.ActiveCfg = Release|Any CPU
		{A504CAE1-B14E-4F7A-B777-4594EAE880C1}.Release|Any CPU.Build.0 = Release|Any CPU
		{158121C9-E013-41DB-9452-C6E1136EE46C}.Debug|Any CPU.ActiveCfg = Debug|Any CPU
		{158121C9-E013-41DB-9452-C6E1136EE46C}.Debug|Any CPU.Build.0 = Debug|Any CPU
		{158121C9-E013-41DB-9452-C6E1136EE46C}.Release|Any CPU.ActiveCfg = Release|Any CPU
		{158121C9-E013-41DB-9452-C6E1136EE46C}.Release|Any CPU.Build.0 = Release|Any CPU
	EndGlobalSection
	GlobalSection(SolutionProperties) = preSolution
		HideSolutionNode = FALSE
	EndGlobalSection
	GlobalSection(ExtensibilityGlobals) = postSolution
		SolutionGuid = {07A088C5-EE34-4670-9903-9558EF7A2682}
	EndGlobalSection
EndGlobal
